// !$*UTF8*$!
{
	archiveVersion = 1;
	classes = {
	};
	objectVersion = 46;
	objects = {

/* Begin PBXBuildFile section */
		BC1E65DB1D35A5C1005865C5 /* PokeLabel.swift in Sources */ = {isa = PBXBuildFile; fileRef = BC1E65DA1D35A5C1005865C5 /* PokeLabel.swift */; };
		BCABC8191D3472BE0098D493 /* SearchPokemonVC.swift in Sources */ = {isa = PBXBuildFile; fileRef = BCABC8171D3472BE0098D493 /* SearchPokemonVC.swift */; };
		BCABC81A1D3472BE0098D493 /* SightingVC.swift in Sources */ = {isa = PBXBuildFile; fileRef = BCABC8181D3472BE0098D493 /* SightingVC.swift */; };
		BCABC8221D34916D0098D493 /* MapKit.framework in Frameworks */ = {isa = PBXBuildFile; fileRef = BCABC8211D34916D0098D493 /* MapKit.framework */; };
		BCABC8261D349FC00098D493 /* CustomTabBarController.swift in Sources */ = {isa = PBXBuildFile; fileRef = BCABC8251D349FC00098D493 /* CustomTabBarController.swift */; };
		BCABC82A1D349FDB0098D493 /* ColorPalette.swift in Sources */ = {isa = PBXBuildFile; fileRef = BCABC8271D349FDB0098D493 /* ColorPalette.swift */; };
		BCABC82B1D349FDB0098D493 /* HelperExtentions.swift in Sources */ = {isa = PBXBuildFile; fileRef = BCABC8281D349FDB0098D493 /* HelperExtentions.swift */; };
		BCABC82C1D349FDB0098D493 /* Pokemon.swift in Sources */ = {isa = PBXBuildFile; fileRef = BCABC8291D349FDB0098D493 /* Pokemon.swift */; };
		BCABC8381D34C7F70098D493 /* LocationManager.swift in Sources */ = {isa = PBXBuildFile; fileRef = BCABC8351D34C7F70098D493 /* LocationManager.swift */; };
		BCABC8391D34C7F70098D493 /* MapPin.swift in Sources */ = {isa = PBXBuildFile; fileRef = BCABC8361D34C7F70098D493 /* MapPin.swift */; };
		BCABC83A1D34C7F70098D493 /* RequestManager.swift in Sources */ = {isa = PBXBuildFile; fileRef = BCABC8371D34C7F70098D493 /* RequestManager.swift */; };
		BCABC83C1D34C8080098D493 /* PokemonTableViewCell.swift in Sources */ = {isa = PBXBuildFile; fileRef = BCABC83B1D34C8080098D493 /* PokemonTableViewCell.swift */; };
		BCC392411D346AB300D889F6 /* AppDelegate.swift in Sources */ = {isa = PBXBuildFile; fileRef = BCC392401D346AB300D889F6 /* AppDelegate.swift */; };
		BCC392481D346AB300D889F6 /* Main.storyboard in Resources */ = {isa = PBXBuildFile; fileRef = BCC392461D346AB300D889F6 /* Main.storyboard */; };
		BCC3924A1D346AB300D889F6 /* Assets.xcassets in Resources */ = {isa = PBXBuildFile; fileRef = BCC392491D346AB300D889F6 /* Assets.xcassets */; };
		BCC3924D1D346AB300D889F6 /* LaunchScreen.storyboard in Resources */ = {isa = PBXBuildFile; fileRef = BCC3924B1D346AB300D889F6 /* LaunchScreen.storyboard */; };
/* End PBXBuildFile section */

/* Begin PBXFileReference section */
		BC1E65DA1D35A5C1005865C5 /* PokeLabel.swift */ = {isa = PBXFileReference; fileEncoding = 4; lastKnownFileType = sourcecode.swift; path = PokeLabel.swift; sourceTree = "<group>"; };
		BCABC8171D3472BE0098D493 /* SearchPokemonVC.swift */ = {isa = PBXFileReference; fileEncoding = 4; lastKnownFileType = sourcecode.swift; name = SearchPokemonVC.swift; path = ViewControllers/SearchPokemonVC.swift; sourceTree = "<group>"; };
		BCABC8181D3472BE0098D493 /* SightingVC.swift */ = {isa = PBXFileReference; fileEncoding = 4; lastKnownFileType = sourcecode.swift; name = SightingVC.swift; path = ViewControllers/SightingVC.swift; sourceTree = "<group>"; };
		BCABC8211D34916D0098D493 /* MapKit.framework */ = {isa = PBXFileReference; lastKnownFileType = wrapper.framework; name = MapKit.framework; path = System/Library/Frameworks/MapKit.framework; sourceTree = SDKROOT; };
		BCABC8251D349FC00098D493 /* CustomTabBarController.swift */ = {isa = PBXFileReference; fileEncoding = 4; lastKnownFileType = sourcecode.swift; name = CustomTabBarController.swift; path = UIComponents/CustomTabBarController.swift; sourceTree = "<group>"; };
		BCABC8271D349FDB0098D493 /* ColorPalette.swift */ = {isa = PBXFileReference; fileEncoding = 4; lastKnownFileType = sourcecode.swift; name = ColorPalette.swift; path = Model/ColorPalette.swift; sourceTree = "<group>"; };
		BCABC8281D349FDB0098D493 /* HelperExtentions.swift */ = {isa = PBXFileReference; fileEncoding = 4; lastKnownFileType = sourcecode.swift; name = HelperExtentions.swift; path = Model/HelperExtentions.swift; sourceTree = "<group>"; };
		BCABC8291D349FDB0098D493 /* Pokemon.swift */ = {isa = PBXFileReference; fileEncoding = 4; lastKnownFileType = sourcecode.swift; name = Pokemon.swift; path = Model/Pokemon.swift; sourceTree = "<group>"; };
		BCABC8351D34C7F70098D493 /* LocationManager.swift */ = {isa = PBXFileReference; fileEncoding = 4; lastKnownFileType = sourcecode.swift; name = LocationManager.swift; path = Model/LocationManager.swift; sourceTree = "<group>"; };
		BCABC8361D34C7F70098D493 /* MapPin.swift */ = {isa = PBXFileReference; fileEncoding = 4; lastKnownFileType = sourcecode.swift; name = MapPin.swift; path = Model/MapPin.swift; sourceTree = "<group>"; };
		BCABC8371D34C7F70098D493 /* RequestManager.swift */ = {isa = PBXFileReference; fileEncoding = 4; lastKnownFileType = sourcecode.swift; name = RequestManager.swift; path = Model/RequestManager.swift; sourceTree = "<group>"; };
		BCABC83B1D34C8080098D493 /* PokemonTableViewCell.swift */ = {isa = PBXFileReference; fileEncoding = 4; lastKnownFileType = sourcecode.swift; name = PokemonTableViewCell.swift; path = UIComponents/PokemonTableViewCell.swift; sourceTree = "<group>"; };
		BCC3923D1D346AB300D889F6 /* GoDex.app */ = {isa = PBXFileReference; explicitFileType = wrapper.application; includeInIndex = 0; path = GoDex.app; sourceTree = BUILT_PRODUCTS_DIR; };
		BCC392401D346AB300D889F6 /* AppDelegate.swift */ = {isa = PBXFileReference; lastKnownFileType = sourcecode.swift; path = AppDelegate.swift; sourceTree = "<group>"; };
		BCC392471D346AB300D889F6 /* Base */ = {isa = PBXFileReference; lastKnownFileType = file.storyboard; name = Base; path = Base.lproj/Main.storyboard; sourceTree = "<group>"; };
		BCC392491D346AB300D889F6 /* Assets.xcassets */ = {isa = PBXFileReference; lastKnownFileType = folder.assetcatalog; path = Assets.xcassets; sourceTree = "<group>"; };
		BCC3924C1D346AB300D889F6 /* Base */ = {isa = PBXFileReference; lastKnownFileType = file.storyboard; name = Base; path = Base.lproj/LaunchScreen.storyboard; sourceTree = "<group>"; };
		BCC3924E1D346AB300D889F6 /* Info.plist */ = {isa = PBXFileReference; lastKnownFileType = text.plist.xml; path = Info.plist; sourceTree = "<group>"; };
/* End PBXFileReference section */

/* Begin PBXFrameworksBuildPhase section */
		BCC3923A1D346AB300D889F6 /* Frameworks */ = {
			isa = PBXFrameworksBuildPhase;
			buildActionMask = 2147483647;
			files = (
				BCABC8221D34916D0098D493 /* MapKit.framework in Frameworks */,
			);
			runOnlyForDeploymentPostprocessing = 0;
		};
/* End PBXFrameworksBuildPhase section */

/* Begin PBXGroup section */
		BCABC8141D34729B0098D493 /* UIComponents */ = {
			isa = PBXGroup;
			children = (
				BCABC83B1D34C8080098D493 /* PokemonTableViewCell.swift */,
				BCABC8251D349FC00098D493 /* CustomTabBarController.swift */,
				BC1E65DA1D35A5C1005865C5 /* PokeLabel.swift */,
			);
			name = UIComponents;
			sourceTree = "<group>";
		};
		BCABC8151D3472A20098D493 /* Model */ = {
			isa = PBXGroup;
			children = (
				BCABC8351D34C7F70098D493 /* LocationManager.swift */,
				BCABC8361D34C7F70098D493 /* MapPin.swift */,
				BCABC8371D34C7F70098D493 /* RequestManager.swift */,
				BCABC8271D349FDB0098D493 /* ColorPalette.swift */,
				BCABC8281D349FDB0098D493 /* HelperExtentions.swift */,
				BCABC8291D349FDB0098D493 /* Pokemon.swift */,
			);
			name = Model;
			sourceTree = "<group>";
		};
		BCABC8161D3472A90098D493 /* ViewControllers */ = {
			isa = PBXGroup;
			children = (
				BCABC8171D3472BE0098D493 /* SearchPokemonVC.swift */,
				BCABC8181D3472BE0098D493 /* SightingVC.swift */,
			);
			name = ViewControllers;
			sourceTree = "<group>";
		};
		BCC392341D346AB300D889F6 = {
			isa = PBXGroup;
			children = (
				BCABC8211D34916D0098D493 /* MapKit.framework */,
				BCC3923F1D346AB300D889F6 /* GoDex */,
				BCC3923E1D346AB300D889F6 /* Products */,
			);
			sourceTree = "<group>";
		};
		BCC3923E1D346AB300D889F6 /* Products */ = {
			isa = PBXGroup;
			children = (
				BCC3923D1D346AB300D889F6 /* GoDex.app */,
			);
			name = Products;
			sourceTree = "<group>";
		};
		BCC3923F1D346AB300D889F6 /* GoDex */ = {
			isa = PBXGroup;
			children = (
				BCC392401D346AB300D889F6 /* AppDelegate.swift */,
				BCABC8161D3472A90098D493 /* ViewControllers */,
				BCABC8151D3472A20098D493 /* Model */,
				BCABC8141D34729B0098D493 /* UIComponents */,
				BCC392461D346AB300D889F6 /* Main.storyboard */,
				BCC392491D346AB300D889F6 /* Assets.xcassets */,
				BCC3924B1D346AB300D889F6 /* LaunchScreen.storyboard */,
				BCC3924E1D346AB300D889F6 /* Info.plist */,
			);
			path = GoDex;
			sourceTree = "<group>";
		};
/* End PBXGroup section */

/* Begin PBXNativeTarget section */
		BCC3923C1D346AB300D889F6 /* GoDex */ = {
			isa = PBXNativeTarget;
			buildConfigurationList = BCC392511D346AB300D889F6 /* Build configuration list for PBXNativeTarget "GoDex" */;
			buildPhases = (
				BCC392391D346AB300D889F6 /* Sources */,
				BCC3923A1D346AB300D889F6 /* Frameworks */,
				BCC3923B1D346AB300D889F6 /* Resources */,
			);
			buildRules = (
			);
			dependencies = (
			);
			name = GoDex;
			productName = GoDex;
			productReference = BCC3923D1D346AB300D889F6 /* GoDex.app */;
			productType = "com.apple.product-type.application";
		};
/* End PBXNativeTarget section */

/* Begin PBXProject section */
		BCC392351D346AB300D889F6 /* Project object */ = {
			isa = PBXProject;
			attributes = {
				LastSwiftUpdateCheck = 0730;
				LastUpgradeCheck = 0730;
				ORGANIZATIONNAME = io.godex;
				TargetAttributes = {
					BCC3923C1D346AB300D889F6 = {
						CreatedOnToolsVersion = 7.3.1;
						SystemCapabilities = {
							com.apple.Maps.iOS = {
								enabled = 1;
							};
						};
					};
				};
			};
			buildConfigurationList = BCC392381D346AB300D889F6 /* Build configuration list for PBXProject "GoDex" */;
			compatibilityVersion = "Xcode 3.2";
			developmentRegion = English;
			hasScannedForEncodings = 0;
			knownRegions = (
				en,
				Base,
			);
			mainGroup = BCC392341D346AB300D889F6;
			productRefGroup = BCC3923E1D346AB300D889F6 /* Products */;
			projectDirPath = "";
			projectRoot = "";
			targets = (
				BCC3923C1D346AB300D889F6 /* GoDex */,
			);
		};
/* End PBXProject section */

/* Begin PBXResourcesBuildPhase section */
		BCC3923B1D346AB300D889F6 /* Resources */ = {
			isa = PBXResourcesBuildPhase;
			buildActionMask = 2147483647;
			files = (
				BCC3924D1D346AB300D889F6 /* LaunchScreen.storyboard in Resources */,
				BCC3924A1D346AB300D889F6 /* Assets.xcassets in Resources */,
				BCC392481D346AB300D889F6 /* Main.storyboard in Resources */,
			);
			runOnlyForDeploymentPostprocessing = 0;
		};
/* End PBXResourcesBuildPhase section */

/* Begin PBXSourcesBuildPhase section */
		BCC392391D346AB300D889F6 /* Sources */ = {
			isa = PBXSourcesBuildPhase;
			buildActionMask = 2147483647;
			files = (
				BCABC82C1D349FDB0098D493 /* Pokemon.swift in Sources */,
				BCABC82A1D349FDB0098D493 /* ColorPalette.swift in Sources */,
				BCABC81A1D3472BE0098D493 /* SightingVC.swift in Sources */,
				BCABC82B1D349FDB0098D493 /* HelperExtentions.swift in Sources */,
				BCABC8261D349FC00098D493 /* CustomTabBarController.swift in Sources */,
				BCABC8391D34C7F70098D493 /* MapPin.swift in Sources */,
				BCABC83A1D34C7F70098D493 /* RequestManager.swift in Sources */,
				BCABC8191D3472BE0098D493 /* SearchPokemonVC.swift in Sources */,
				BCC392411D346AB300D889F6 /* AppDelegate.swift in Sources */,
				BC1E65DB1D35A5C1005865C5 /* PokeLabel.swift in Sources */,
				BCABC8381D34C7F70098D493 /* LocationManager.swift in Sources */,
				BCABC83C1D34C8080098D493 /* PokemonTableViewCell.swift in Sources */,
			);
			runOnlyForDeploymentPostprocessing = 0;
		};
/* End PBXSourcesBuildPhase section */

/* Begin PBXVariantGroup section */
		BCC392461D346AB300D889F6 /* Main.storyboard */ = {
			isa = PBXVariantGroup;
			children = (
				BCC392471D346AB300D889F6 /* Base */,
			);
			name = Main.storyboard;
			sourceTree = "<group>";
		};
		BCC3924B1D346AB300D889F6 /* LaunchScreen.storyboard */ = {
			isa = PBXVariantGroup;
			children = (
				BCC3924C1D346AB300D889F6 /* Base */,
			);
			name = LaunchScreen.storyboard;
			sourceTree = "<group>";
		};
/* End PBXVariantGroup section */

/* Begin XCBuildConfiguration section */
		BCC3924F1D346AB300D889F6 /* Debug */ = {
			isa = XCBuildConfiguration;
			buildSettings = {
				ALWAYS_SEARCH_USER_PATHS = NO;
				CLANG_ANALYZER_NONNULL = YES;
				CLANG_CXX_LANGUAGE_STANDARD = "gnu++0x";
				CLANG_CXX_LIBRARY = "libc++";
				CLANG_ENABLE_MODULES = YES;
				CLANG_ENABLE_OBJC_ARC = YES;
				CLANG_WARN_BOOL_CONVERSION = YES;
				CLANG_WARN_CONSTANT_CONVERSION = YES;
				CLANG_WARN_DIRECT_OBJC_ISA_USAGE = YES_ERROR;
				CLANG_WARN_EMPTY_BODY = YES;
				CLANG_WARN_ENUM_CONVERSION = YES;
				CLANG_WARN_INT_CONVERSION = YES;
				CLANG_WARN_OBJC_ROOT_CLASS = YES_ERROR;
				CLANG_WARN_UNREACHABLE_CODE = YES;
				CLANG_WARN__DUPLICATE_METHOD_MATCH = YES;
				"CODE_SIGN_IDENTITY[sdk=iphoneos*]" = "iPhone Developer";
				COPY_PHASE_STRIP = NO;
				DEBUG_INFORMATION_FORMAT = dwarf;
				ENABLE_STRICT_OBJC_MSGSEND = YES;
				ENABLE_TESTABILITY = YES;
				GCC_C_LANGUAGE_STANDARD = gnu99;
				GCC_DYNAMIC_NO_PIC = NO;
				GCC_NO_COMMON_BLOCKS = YES;
				GCC_OPTIMIZATION_LEVEL = 0;
				GCC_PREPROCESSOR_DEFINITIONS = (
					"DEBUG=1",
					"$(inherited)",
				);
				GCC_WARN_64_TO_32_BIT_CONVERSION = YES;
				GCC_WARN_ABOUT_RETURN_TYPE = YES_ERROR;
				GCC_WARN_UNDECLARED_SELECTOR = YES;
				GCC_WARN_UNINITIALIZED_AUTOS = YES_AGGRESSIVE;
				GCC_WARN_UNUSED_FUNCTION = YES;
				GCC_WARN_UNUSED_VARIABLE = YES;
				IPHONEOS_DEPLOYMENT_TARGET = 9.3;
				MTL_ENABLE_DEBUG_INFO = YES;
				ONLY_ACTIVE_ARCH = YES;
				SDKROOT = iphoneos;
				SWIFT_OPTIMIZATION_LEVEL = "-Onone";
				TARGETED_DEVICE_FAMILY = "1,2";
			};
			name = Debug;
		};
		BCC392501D346AB300D889F6 /* Release */ = {
			isa = XCBuildConfiguration;
			buildSettings = {
				ALWAYS_SEARCH_USER_PATHS = NO;
				CLANG_ANALYZER_NONNULL = YES;
				CLANG_CXX_LANGUAGE_STANDARD = "gnu++0x";
				CLANG_CXX_LIBRARY = "libc++";
				CLANG_ENABLE_MODULES = YES;
				CLANG_ENABLE_OBJC_ARC = YES;
				CLANG_WARN_BOOL_CONVERSION = YES;
				CLANG_WARN_CONSTANT_CONVERSION = YES;
				CLANG_WARN_DIRECT_OBJC_ISA_USAGE = YES_ERROR;
				CLANG_WARN_EMPTY_BODY = YES;
				CLANG_WARN_ENUM_CONVERSION = YES;
				CLANG_WARN_INT_CONVERSION = YES;
				CLANG_WARN_OBJC_ROOT_CLASS = YES_ERROR;
				CLANG_WARN_UNREACHABLE_CODE = YES;
				CLANG_WARN__DUPLICATE_METHOD_MATCH = YES;
				"CODE_SIGN_IDENTITY[sdk=iphoneos*]" = "iPhone Developer";
				COPY_PHASE_STRIP = NO;
				DEBUG_INFORMATION_FORMAT = "dwarf-with-dsym";
				ENABLE_NS_ASSERTIONS = NO;
				ENABLE_STRICT_OBJC_MSGSEND = YES;
				GCC_C_LANGUAGE_STANDARD = gnu99;
				GCC_NO_COMMON_BLOCKS = YES;
				GCC_WARN_64_TO_32_BIT_CONVERSION = YES;
				GCC_WARN_ABOUT_RETURN_TYPE = YES_ERROR;
				GCC_WARN_UNDECLARED_SELECTOR = YES;
				GCC_WARN_UNINITIALIZED_AUTOS = YES_AGGRESSIVE;
				GCC_WARN_UNUSED_FUNCTION = YES;
				GCC_WARN_UNUSED_VARIABLE = YES;
				IPHONEOS_DEPLOYMENT_TARGET = 9.3;
				MTL_ENABLE_DEBUG_INFO = NO;
				SDKROOT = iphoneos;
				TARGETED_DEVICE_FAMILY = "1,2";
				VALIDATE_PRODUCT = YES;
			};
			name = Release;
		};
		BCC392521D346AB300D889F6 /* Debug */ = {
			isa = XCBuildConfiguration;
			buildSettings = {
				ASSETCATALOG_COMPILER_APPICON_NAME = AppIcon;
				INFOPLIST_FILE = GoDex/Info.plist;
				IPHONEOS_DEPLOYMENT_TARGET = 8.0;
				LD_RUNPATH_SEARCH_PATHS = "$(inherited) @executable_path/Frameworks";
				PRODUCT_BUNDLE_IDENTIFIER = io.godex.GoDex;
				PRODUCT_NAME = "$(TARGET_NAME)";
				TARGETED_DEVICE_FAMILY = 1;
			};
			name = Debug;
		};
		BCC392531D346AB300D889F6 /* Release */ = {
			isa = XCBuildConfiguration;
			buildSettings = {
				ASSETCATALOG_COMPILER_APPICON_NAME = AppIcon;
				INFOPLIST_FILE = GoDex/Info.plist;
				IPHONEOS_DEPLOYMENT_TARGET = 8.0;
				LD_RUNPATH_SEARCH_PATHS = "$(inherited) @executable_path/Frameworks";
				PRODUCT_BUNDLE_IDENTIFIER = io.godex.GoDex;
				PRODUCT_NAME = "$(TARGET_NAME)";
				TARGETED_DEVICE_FAMILY = 1;
			};
			name = Release;
		};
/* End XCBuildConfiguration section */

/* Begin XCConfigurationList section */
		BCC392381D346AB300D889F6 /* Build configuration list for PBXProject "GoDex" */ = {
			isa = XCConfigurationList;
			buildConfigurations = (
				BCC3924F1D346AB300D889F6 /* Debug */,
				BCC392501D346AB300D889F6 /* Release */,
			);
			defaultConfigurationIsVisible = 0;
			defaultConfigurationName = Release;
		};
		BCC392511D346AB300D889F6 /* Build configuration list for PBXNativeTarget "GoDex" */ = {
			isa = XCConfigurationList;
			buildConfigurations = (
				BCC392521D346AB300D889F6 /* Debug */,
				BCC392531D346AB300D889F6 /* Release */,
			);
			defaultConfigurationIsVisible = 0;
			defaultConfigurationName = Release;
		};
/* End XCConfigurationList section */
	};
	rootObject = BCC392351D346AB300D889F6 /* Project object */;
}
